// !$*UTF8*$!
{
	archiveVersion = 1;
	classes = {
	};
	objectVersion = 56;
	objects = {

/* Begin PBXBuildFile section */
		5F3AC12B2A273BBA00623B69 /* LevelbarGaugeView.swift in Sources */ = {isa = PBXBuildFile; fileRef = 5F3AC12A2A273BBA00623B69 /* LevelbarGaugeView.swift */; };
		5F3AC12E2A27461A00623B69 /* OtherView.swift in Sources */ = {isa = PBXBuildFile; fileRef = 5F3AC12D2A27461A00623B69 /* OtherView.swift */; };
		5F3AC1302A27554700623B69 /* TapOtherHeaderView.swift in Sources */ = {isa = PBXBuildFile; fileRef = 5F3AC12F2A27554700623B69 /* TapOtherHeaderView.swift */; };
		5F3AC1322A2758DD00623B69 /* OtherButtonModel.swift in Sources */ = {isa = PBXBuildFile; fileRef = 5F3AC1312A2758DD00623B69 /* OtherButtonModel.swift */; };
		5F3AC1342A2843E100623B69 /* TapOtherMenuView.swift in Sources */ = {isa = PBXBuildFile; fileRef = 5F3AC1332A2843E100623B69 /* TapOtherMenuView.swift */; };
		5F3AC1382A284ABE00623B69 /* OtherHeaderView.swift in Sources */ = {isa = PBXBuildFile; fileRef = 5F3AC1372A284ABE00623B69 /* OtherHeaderView.swift */; };
		5F3AC13A2A284B4B00623B69 /* ButtonData.swift in Sources */ = {isa = PBXBuildFile; fileRef = 5F3AC1392A284B4B00623B69 /* ButtonData.swift */; };
		5F3AC13C2A284BFF00623B69 /* OtherMenuView.swift in Sources */ = {isa = PBXBuildFile; fileRef = 5F3AC13B2A284BFF00623B69 /* OtherMenuView.swift */; };
		5F3AC13E2A284FE900623B69 /* StarHistoryView.swift in Sources */ = {isa = PBXBuildFile; fileRef = 5F3AC13D2A284FE900623B69 /* StarHistoryView.swift */; };
		5F3AC1402A28510200623B69 /* TestView.swift in Sources */ = {isa = PBXBuildFile; fileRef = 5F3AC13F2A28510200623B69 /* TestView.swift */; };
		5F3AC1422A28546B00623B69 /* CoffeeMenuData.swift in Sources */ = {isa = PBXBuildFile; fileRef = 5F3AC1412A28546B00623B69 /* CoffeeMenuData.swift */; };
		5F3AC1442A28547500623B69 /* WhatsNewsData.swift in Sources */ = {isa = PBXBuildFile; fileRef = 5F3AC1432A28547500623B69 /* WhatsNewsData.swift */; };
		5FE5C8EB2A1B0D5A004DD9DB /* HeaderMenuView.swift in Sources */ = {isa = PBXBuildFile; fileRef = 5FE5C8EA2A1B0D5A004DD9DB /* HeaderMenuView.swift */; };
		5FFE063F29DE9C56005976FA /* CloneStartBucksApp.swift in Sources */ = {isa = PBXBuildFile; fileRef = 5FFE063E29DE9C56005976FA /* CloneStartBucksApp.swift */; };
		5FFE064329DE9C57005976FA /* Assets.xcassets in Resources */ = {isa = PBXBuildFile; fileRef = 5FFE064229DE9C57005976FA /* Assets.xcassets */; };
		5FFE064629DE9C57005976FA /* Preview Assets.xcassets in Resources */ = {isa = PBXBuildFile; fileRef = 5FFE064529DE9C57005976FA /* Preview Assets.xcassets */; };
		5FFE064D29DEAD54005976FA /* TabModel.swift in Sources */ = {isa = PBXBuildFile; fileRef = 5FFE064C29DEAD54005976FA /* TabModel.swift */; };
		5FFE065129DEAEE9005976FA /* MainTabView.swift in Sources */ = {isa = PBXBuildFile; fileRef = 5FFE065029DEAEE9005976FA /* MainTabView.swift */; };
		5FFE065529DEB603005976FA /* MenuSuggestionSectionView.swift in Sources */ = {isa = PBXBuildFile; fileRef = 5FFE065429DEB603005976FA /* MenuSuggestionSectionView.swift */; };
		5FFE065729DEB761005976FA /* CoffeeMenuModel.swift in Sources */ = {isa = PBXBuildFile; fileRef = 5FFE065629DEB761005976FA /* CoffeeMenuModel.swift */; };
		5FFE065929DEC980005976FA /* WhatsNewsSectionView.swift in Sources */ = {isa = PBXBuildFile; fileRef = 5FFE065829DEC980005976FA /* WhatsNewsSectionView.swift */; };
		5FFE065B29DECA4B005976FA /* WhatsNewsModel.swift in Sources */ = {isa = PBXBuildFile; fileRef = 5FFE065A29DECA4B005976FA /* WhatsNewsModel.swift */; };
		5FFE065F29DF07BF005976FA /* HomeHeaderView.swift in Sources */ = {isa = PBXBuildFile; fileRef = 5FFE065E29DF07BF005976FA /* HomeHeaderView.swift */; };
		5FFE066129F7A6D7005976FA /* HomeView.swift in Sources */ = {isa = PBXBuildFile; fileRef = 5FFE066029F7A6D7005976FA /* HomeView.swift */; };
/* End PBXBuildFile section */

/* Begin PBXFileReference section */
		5F3AC12A2A273BBA00623B69 /* LevelbarGaugeView.swift */ = {isa = PBXFileReference; lastKnownFileType = sourcecode.swift; path = LevelbarGaugeView.swift; sourceTree = "<group>"; };
		5F3AC12D2A27461A00623B69 /* OtherView.swift */ = {isa = PBXFileReference; lastKnownFileType = sourcecode.swift; path = OtherView.swift; sourceTree = "<group>"; };
		5F3AC12F2A27554700623B69 /* TapOtherHeaderView.swift */ = {isa = PBXFileReference; lastKnownFileType = sourcecode.swift; path = TapOtherHeaderView.swift; sourceTree = "<group>"; };
		5F3AC1312A2758DD00623B69 /* OtherButtonModel.swift */ = {isa = PBXFileReference; lastKnownFileType = sourcecode.swift; path = OtherButtonModel.swift; sourceTree = "<group>"; };
		5F3AC1332A2843E100623B69 /* TapOtherMenuView.swift */ = {isa = PBXFileReference; lastKnownFileType = sourcecode.swift; path = TapOtherMenuView.swift; sourceTree = "<group>"; };
		5F3AC1372A284ABE00623B69 /* OtherHeaderView.swift */ = {isa = PBXFileReference; lastKnownFileType = sourcecode.swift; path = OtherHeaderView.swift; sourceTree = "<group>"; };
		5F3AC1392A284B4B00623B69 /* ButtonData.swift */ = {isa = PBXFileReference; lastKnownFileType = sourcecode.swift; name = ButtonData.swift; path = CloneStartBucks/View/ButtonData.swift; sourceTree = SOURCE_ROOT; };
		5F3AC13B2A284BFF00623B69 /* OtherMenuView.swift */ = {isa = PBXFileReference; lastKnownFileType = sourcecode.swift; name = OtherMenuView.swift; path = CloneStartBucks/App/OtherMenuView.swift; sourceTree = SOURCE_ROOT; };
		5F3AC13D2A284FE900623B69 /* StarHistoryView.swift */ = {isa = PBXFileReference; lastKnownFileType = sourcecode.swift; path = StarHistoryView.swift; sourceTree = "<group>"; };
		5F3AC13F2A28510200623B69 /* TestView.swift */ = {isa = PBXFileReference; lastKnownFileType = sourcecode.swift; name = TestView.swift; path = CloneStartBucks/Model/TestView.swift; sourceTree = SOURCE_ROOT; };
		5F3AC1412A28546B00623B69 /* CoffeeMenuData.swift */ = {isa = PBXFileReference; lastKnownFileType = sourcecode.swift; name = CoffeeMenuData.swift; path = CloneStartBucks/Model/CoffeeMenuData.swift; sourceTree = SOURCE_ROOT; };
		5F3AC1432A28547500623B69 /* WhatsNewsData.swift */ = {isa = PBXFileReference; lastKnownFileType = sourcecode.swift; path = WhatsNewsData.swift; sourceTree = "<group>"; };
		5FE5C8EA2A1B0D5A004DD9DB /* HeaderMenuView.swift */ = {isa = PBXFileReference; lastKnownFileType = sourcecode.swift; path = HeaderMenuView.swift; sourceTree = SOURCE_ROOT; };
		5FFE063B29DE9C56005976FA /* CloneStartBucks.app */ = {isa = PBXFileReference; explicitFileType = wrapper.application; includeInIndex = 0; path = CloneStartBucks.app; sourceTree = BUILT_PRODUCTS_DIR; };
		5FFE063E29DE9C56005976FA /* CloneStartBucksApp.swift */ = {isa = PBXFileReference; lastKnownFileType = sourcecode.swift; path = CloneStartBucksApp.swift; sourceTree = "<group>"; };
		5FFE064229DE9C57005976FA /* Assets.xcassets */ = {isa = PBXFileReference; lastKnownFileType = folder.assetcatalog; path = Assets.xcassets; sourceTree = "<group>"; };
		5FFE064529DE9C57005976FA /* Preview Assets.xcassets */ = {isa = PBXFileReference; lastKnownFileType = folder.assetcatalog; path = "Preview Assets.xcassets"; sourceTree = "<group>"; };
		5FFE064C29DEAD54005976FA /* TabModel.swift */ = {isa = PBXFileReference; lastKnownFileType = sourcecode.swift; path = TabModel.swift; sourceTree = "<group>"; };
		5FFE065029DEAEE9005976FA /* MainTabView.swift */ = {isa = PBXFileReference; lastKnownFileType = sourcecode.swift; path = MainTabView.swift; sourceTree = "<group>"; };
		5FFE065429DEB603005976FA /* MenuSuggestionSectionView.swift */ = {isa = PBXFileReference; lastKnownFileType = sourcecode.swift; path = MenuSuggestionSectionView.swift; sourceTree = "<group>"; };
		5FFE065629DEB761005976FA /* CoffeeMenuModel.swift */ = {isa = PBXFileReference; lastKnownFileType = sourcecode.swift; path = CoffeeMenuModel.swift; sourceTree = "<group>"; };
		5FFE065829DEC980005976FA /* WhatsNewsSectionView.swift */ = {isa = PBXFileReference; lastKnownFileType = sourcecode.swift; path = WhatsNewsSectionView.swift; sourceTree = "<group>"; };
		5FFE065A29DECA4B005976FA /* WhatsNewsModel.swift */ = {isa = PBXFileReference; lastKnownFileType = sourcecode.swift; path = WhatsNewsModel.swift; sourceTree = "<group>"; };
		5FFE065E29DF07BF005976FA /* HomeHeaderView.swift */ = {isa = PBXFileReference; lastKnownFileType = sourcecode.swift; path = HomeHeaderView.swift; sourceTree = "<group>"; };
		5FFE066029F7A6D7005976FA /* HomeView.swift */ = {isa = PBXFileReference; lastKnownFileType = sourcecode.swift; path = HomeView.swift; sourceTree = "<group>"; };
/* End PBXFileReference section */

/* Begin PBXFrameworksBuildPhase section */
		5FFE063829DE9C56005976FA /* Frameworks */ = {
			isa = PBXFrameworksBuildPhase;
			buildActionMask = 2147483647;
			files = (
			);
			runOnlyForDeploymentPostprocessing = 0;
		};
/* End PBXFrameworksBuildPhase section */

/* Begin PBXGroup section */
		5F3AC1282A271FEC00623B69 /* Model */ = {
			isa = PBXGroup;
			children = (
				5F3AC1312A2758DD00623B69 /* OtherButtonModel.swift */,
				5FFE064C29DEAD54005976FA /* TabModel.swift */,
				5FFE065629DEB761005976FA /* CoffeeMenuModel.swift */,
				5FFE065A29DECA4B005976FA /* WhatsNewsModel.swift */,
			);
			path = Model;
			sourceTree = "<group>";
		};
		5F3AC1352A28498F00623B69 /* App */ = {
			isa = PBXGroup;
			children = (
				5FFE066029F7A6D7005976FA /* HomeView.swift */,
				5F3AC12D2A27461A00623B69 /* OtherView.swift */,
				5FFE065029DEAEE9005976FA /* MainTabView.swift */,
			);
			path = App;
			sourceTree = "<group>";
		};
		5F3AC1362A2849DD00623B69 /* Data */ = {
			isa = PBXGroup;
			children = (
				5F3AC1412A28546B00623B69 /* CoffeeMenuData.swift */,
				5F3AC1432A28547500623B69 /* WhatsNewsData.swift */,
				5F3AC1392A284B4B00623B69 /* ButtonData.swift */,
			);
			path = Data;
			sourceTree = "<group>";
		};
		5FE5C8E72A1B036B004DD9DB /* View */ = {
			isa = PBXGroup;
			children = (
				5F3AC1372A284ABE00623B69 /* OtherHeaderView.swift */,
				5F3AC13B2A284BFF00623B69 /* OtherMenuView.swift */,
				5F3AC13F2A28510200623B69 /* TestView.swift */,
				5F3AC13D2A284FE900623B69 /* StarHistoryView.swift */,
				5F3AC1332A2843E100623B69 /* TapOtherMenuView.swift */,
				5F3AC12F2A27554700623B69 /* TapOtherHeaderView.swift */,
				5F3AC12A2A273BBA00623B69 /* LevelbarGaugeView.swift */,
				5FFE065E29DF07BF005976FA /* HomeHeaderView.swift */,
				5FFE065429DEB603005976FA /* MenuSuggestionSectionView.swift */,
				5FFE065829DEC980005976FA /* WhatsNewsSectionView.swift */,
				5FE5C8EA2A1B0D5A004DD9DB /* HeaderMenuView.swift */,
			);
			path = View;
			sourceTree = "<group>";
		};
		5FFE063229DE9C56005976FA = {
			isa = PBXGroup;
			children = (
				5FFE063D29DE9C56005976FA /* CloneStartBucks */,
				5FFE063C29DE9C56005976FA /* Products */,
			);
			sourceTree = "<group>";
		};
		5FFE063C29DE9C56005976FA /* Products */ = {
			isa = PBXGroup;
			children = (
				5FFE063B29DE9C56005976FA /* CloneStartBucks.app */,
			);
			name = Products;
			sourceTree = "<group>";
		};
		5FFE063D29DE9C56005976FA /* CloneStartBucks */ = {
			isa = PBXGroup;
			children = (
				5FFE063E29DE9C56005976FA /* CloneStartBucksApp.swift */,
				5F3AC1352A28498F00623B69 /* App */,
				5FE5C8E72A1B036B004DD9DB /* View */,
				5F3AC1282A271FEC00623B69 /* Model */,
				5F3AC1362A2849DD00623B69 /* Data */,
				5FFE064429DE9C57005976FA /* Preview Content */,
			);
			path = CloneStartBucks;
			sourceTree = "<group>";
		};
		5FFE064429DE9C57005976FA /* Preview Content */ = {
			isa = PBXGroup;
			children = (
				5FFE064229DE9C57005976FA /* Assets.xcassets */,
				5FFE064529DE9C57005976FA /* Preview Assets.xcassets */,
			);
			path = "Preview Content";
			sourceTree = "<group>";
		};
/* End PBXGroup section */

/* Begin PBXNativeTarget section */
		5FFE063A29DE9C56005976FA /* CloneStartBucks */ = {
			isa = PBXNativeTarget;
			buildConfigurationList = 5FFE064929DE9C57005976FA /* Build configuration list for PBXNativeTarget "CloneStartBucks" */;
			buildPhases = (
				5FFE063729DE9C56005976FA /* Sources */,
				5FFE063829DE9C56005976FA /* Frameworks */,
				5FFE063929DE9C56005976FA /* Resources */,
			);
			buildRules = (
			);
			dependencies = (
			);
			name = CloneStartBucks;
			productName = CloneStartBucks;
			productReference = 5FFE063B29DE9C56005976FA /* CloneStartBucks.app */;
			productType = "com.apple.product-type.application";
		};
/* End PBXNativeTarget section */

/* Begin PBXProject section */
		5FFE063329DE9C56005976FA /* Project object */ = {
			isa = PBXProject;
			attributes = {
				BuildIndependentTargetsInParallel = 1;
				LastSwiftUpdateCheck = 1420;
				LastUpgradeCheck = 1420;
				TargetAttributes = {
					5FFE063A29DE9C56005976FA = {
						CreatedOnToolsVersion = 14.2;
					};
				};
			};
			buildConfigurationList = 5FFE063629DE9C56005976FA /* Build configuration list for PBXProject "CloneStartBucks" */;
			compatibilityVersion = "Xcode 14.0";
			developmentRegion = en;
			hasScannedForEncodings = 0;
			knownRegions = (
				en,
				Base,
			);
			mainGroup = 5FFE063229DE9C56005976FA;
			productRefGroup = 5FFE063C29DE9C56005976FA /* Products */;
			projectDirPath = "";
			projectRoot = "";
			targets = (
				5FFE063A29DE9C56005976FA /* CloneStartBucks */,
			);
		};
/* End PBXProject section */

/* Begin PBXResourcesBuildPhase section */
		5FFE063929DE9C56005976FA /* Resources */ = {
			isa = PBXResourcesBuildPhase;
			buildActionMask = 2147483647;
			files = (
				5FFE064629DE9C57005976FA /* Preview Assets.xcassets in Resources */,
				5FFE064329DE9C57005976FA /* Assets.xcassets in Resources */,
			);
			runOnlyForDeploymentPostprocessing = 0;
		};
/* End PBXResourcesBuildPhase section */

/* Begin PBXSourcesBuildPhase section */
		5FFE063729DE9C56005976FA /* Sources */ = {
			isa = PBXSourcesBuildPhase;
			buildActionMask = 2147483647;
			files = (
				5F3AC1442A28547500623B69 /* WhatsNewsData.swift in Sources */,
				5FFE066129F7A6D7005976FA /* HomeView.swift in Sources */,
				5F3AC13E2A284FE900623B69 /* StarHistoryView.swift in Sources */,
				5FFE064D29DEAD54005976FA /* TabModel.swift in Sources */,
				5F3AC1302A27554700623B69 /* TapOtherHeaderView.swift in Sources */,
				5FFE065929DEC980005976FA /* WhatsNewsSectionView.swift in Sources */,
				5FFE063F29DE9C56005976FA /* CloneStartBucksApp.swift in Sources */,
				5F3AC1422A28546B00623B69 /* CoffeeMenuData.swift in Sources */,
				5F3AC13A2A284B4B00623B69 /* ButtonData.swift in Sources */,
				5FE5C8EB2A1B0D5A004DD9DB /* HeaderMenuView.swift in Sources */,
				5F3AC1382A284ABE00623B69 /* OtherHeaderView.swift in Sources */,
				5F3AC1402A28510200623B69 /* TestView.swift in Sources */,
				5F3AC1322A2758DD00623B69 /* OtherButtonModel.swift in Sources */,
				5FFE065729DEB761005976FA /* CoffeeMenuModel.swift in Sources */,
				5FFE065F29DF07BF005976FA /* HomeHeaderView.swift in Sources */,
				5FFE065B29DECA4B005976FA /* WhatsNewsModel.swift in Sources */,
				5FFE065129DEAEE9005976FA /* MainTabView.swift in Sources */,
				5F3AC1342A2843E100623B69 /* TapOtherMenuView.swift in Sources */,
				5FFE065529DEB603005976FA /* MenuSuggestionSectionView.swift in Sources */,
				5F3AC12B2A273BBA00623B69 /* LevelbarGaugeView.swift in Sources */,
				5F3AC12E2A27461A00623B69 /* OtherView.swift in Sources */,
				5F3AC13C2A284BFF00623B69 /* OtherMenuView.swift in Sources */,
			);
			runOnlyForDeploymentPostprocessing = 0;
		};
/* End PBXSourcesBuildPhase section */

/* Begin XCBuildConfiguration section */
		5FFE064729DE9C57005976FA /* Debug */ = {
			isa = XCBuildConfiguration;
			buildSettings = {
				ALWAYS_SEARCH_USER_PATHS = NO;
				CLANG_ANALYZER_NONNULL = YES;
				CLANG_ANALYZER_NUMBER_OBJECT_CONVERSION = YES_AGGRESSIVE;
				CLANG_CXX_LANGUAGE_STANDARD = "gnu++20";
				CLANG_ENABLE_MODULES = YES;
				CLANG_ENABLE_OBJC_ARC = YES;
				CLANG_ENABLE_OBJC_WEAK = YES;
				CLANG_WARN_BLOCK_CAPTURE_AUTORELEASING = YES;
				CLANG_WARN_BOOL_CONVERSION = YES;
				CLANG_WARN_COMMA = YES;
				CLANG_WARN_CONSTANT_CONVERSION = YES;
				CLANG_WARN_DEPRECATED_OBJC_IMPLEMENTATIONS = YES;
				CLANG_WARN_DIRECT_OBJC_ISA_USAGE = YES_ERROR;
				CLANG_WARN_DOCUMENTATION_COMMENTS = YES;
				CLANG_WARN_EMPTY_BODY = YES;
				CLANG_WARN_ENUM_CONVERSION = YES;
				CLANG_WARN_INFINITE_RECURSION = YES;
				CLANG_WARN_INT_CONVERSION = YES;
				CLANG_WARN_NON_LITERAL_NULL_CONVERSION = YES;
				CLANG_WARN_OBJC_IMPLICIT_RETAIN_SELF = YES;
				CLANG_WARN_OBJC_LITERAL_CONVERSION = YES;
				CLANG_WARN_OBJC_ROOT_CLASS = YES_ERROR;
				CLANG_WARN_QUOTED_INCLUDE_IN_FRAMEWORK_HEADER = YES;
				CLANG_WARN_RANGE_LOOP_ANALYSIS = YES;
				CLANG_WARN_STRICT_PROTOTYPES = YES;
				CLANG_WARN_SUSPICIOUS_MOVE = YES;
				CLANG_WARN_UNGUARDED_AVAILABILITY = YES_AGGRESSIVE;
				CLANG_WARN_UNREACHABLE_CODE = YES;
				CLANG_WARN__DUPLICATE_METHOD_MATCH = YES;
				COPY_PHASE_STRIP = NO;
				DEBUG_INFORMATION_FORMAT = dwarf;
				ENABLE_STRICT_OBJC_MSGSEND = YES;
				ENABLE_TESTABILITY = YES;
				GCC_C_LANGUAGE_STANDARD = gnu11;
				GCC_DYNAMIC_NO_PIC = NO;
				GCC_NO_COMMON_BLOCKS = YES;
				GCC_OPTIMIZATION_LEVEL = 0;
				GCC_PREPROCESSOR_DEFINITIONS = (
					"DEBUG=1",
					"$(inherited)",
				);
				GCC_WARN_64_TO_32_BIT_CONVERSION = YES;
				GCC_WARN_ABOUT_RETURN_TYPE = YES_ERROR;
				GCC_WARN_UNDECLARED_SELECTOR = YES;
				GCC_WARN_UNINITIALIZED_AUTOS = YES_AGGRESSIVE;
				GCC_WARN_UNUSED_FUNCTION = YES;
				GCC_WARN_UNUSED_VARIABLE = YES;
				IPHONEOS_DEPLOYMENT_TARGET = 16.2;
				MTL_ENABLE_DEBUG_INFO = INCLUDE_SOURCE;
				MTL_FAST_MATH = YES;
				ONLY_ACTIVE_ARCH = YES;
				SDKROOT = iphoneos;
				SWIFT_ACTIVE_COMPILATION_CONDITIONS = DEBUG;
				SWIFT_OPTIMIZATION_LEVEL = "-Onone";
			};
			name = Debug;
		};
		5FFE064829DE9C57005976FA /* Release */ = {
			isa = XCBuildConfiguration;
			buildSettings = {
				ALWAYS_SEARCH_USER_PATHS = NO;
				CLANG_ANALYZER_NONNULL = YES;
				CLANG_ANALYZER_NUMBER_OBJECT_CONVERSION = YES_AGGRESSIVE;
				CLANG_CXX_LANGUAGE_STANDARD = "gnu++20";
				CLANG_ENABLE_MODULES = YES;
				CLANG_ENABLE_OBJC_ARC = YES;
				CLANG_ENABLE_OBJC_WEAK = YES;
				CLANG_WARN_BLOCK_CAPTURE_AUTORELEASING = YES;
				CLANG_WARN_BOOL_CONVERSION = YES;
				CLANG_WARN_COMMA = YES;
				CLANG_WARN_CONSTANT_CONVERSION = YES;
				CLANG_WARN_DEPRECATED_OBJC_IMPLEMENTATIONS = YES;
				CLANG_WARN_DIRECT_OBJC_ISA_USAGE = YES_ERROR;
				CLANG_WARN_DOCUMENTATION_COMMENTS = YES;
				CLANG_WARN_EMPTY_BODY = YES;
				CLANG_WARN_ENUM_CONVERSION = YES;
				CLANG_WARN_INFINITE_RECURSION = YES;
				CLANG_WARN_INT_CONVERSION = YES;
				CLANG_WARN_NON_LITERAL_NULL_CONVERSION = YES;
				CLANG_WARN_OBJC_IMPLICIT_RETAIN_SELF = YES;
				CLANG_WARN_OBJC_LITERAL_CONVERSION = YES;
				CLANG_WARN_OBJC_ROOT_CLASS = YES_ERROR;
				CLANG_WARN_QUOTED_INCLUDE_IN_FRAMEWORK_HEADER = YES;
				CLANG_WARN_RANGE_LOOP_ANALYSIS = YES;
				CLANG_WARN_STRICT_PROTOTYPES = YES;
				CLANG_WARN_SUSPICIOUS_MOVE = YES;
				CLANG_WARN_UNGUARDED_AVAILABILITY = YES_AGGRESSIVE;
				CLANG_WARN_UNREACHABLE_CODE = YES;
				CLANG_WARN__DUPLICATE_METHOD_MATCH = YES;
				COPY_PHASE_STRIP = NO;
				DEBUG_INFORMATION_FORMAT = "dwarf-with-dsym";
				ENABLE_NS_ASSERTIONS = NO;
				ENABLE_STRICT_OBJC_MSGSEND = YES;
				GCC_C_LANGUAGE_STANDARD = gnu11;
				GCC_NO_COMMON_BLOCKS = YES;
				GCC_WARN_64_TO_32_BIT_CONVERSION = YES;
				GCC_WARN_ABOUT_RETURN_TYPE = YES_ERROR;
				GCC_WARN_UNDECLARED_SELECTOR = YES;
				GCC_WARN_UNINITIALIZED_AUTOS = YES_AGGRESSIVE;
				GCC_WARN_UNUSED_FUNCTION = YES;
				GCC_WARN_UNUSED_VARIABLE = YES;
				IPHONEOS_DEPLOYMENT_TARGET = 16.2;
				MTL_ENABLE_DEBUG_INFO = NO;
				MTL_FAST_MATH = YES;
				SDKROOT = iphoneos;
				SWIFT_COMPILATION_MODE = wholemodule;
				SWIFT_OPTIMIZATION_LEVEL = "-O";
				VALIDATE_PRODUCT = YES;
			};
			name = Release;
		};
		5FFE064A29DE9C57005976FA /* Debug */ = {
			isa = XCBuildConfiguration;
			buildSettings = {
				ASSETCATALOG_COMPILER_APPICON_NAME = AppIcon;
				ASSETCATALOG_COMPILER_GLOBAL_ACCENT_COLOR_NAME = AccentColor;
				CODE_SIGN_STYLE = Automatic;
				CURRENT_PROJECT_VERSION = 1;
				DEVELOPMENT_ASSET_PATHS = "\"CloneStartBucks/Preview Content\"";
				DEVELOPMENT_TEAM = BAJ892P98N;
				ENABLE_PREVIEWS = YES;
				GENERATE_INFOPLIST_FILE = YES;
				INFOPLIST_KEY_UIApplicationSceneManifest_Generation = YES;
				INFOPLIST_KEY_UIApplicationSupportsIndirectInputEvents = YES;
				INFOPLIST_KEY_UILaunchScreen_Generation = YES;
				INFOPLIST_KEY_UISupportedInterfaceOrientations_iPad = "UIInterfaceOrientationPortrait UIInterfaceOrientationPortraitUpsideDown UIInterfaceOrientationLandscapeLeft UIInterfaceOrientationLandscapeRight";
				INFOPLIST_KEY_UISupportedInterfaceOrientations_iPhone = "UIInterfaceOrientationPortrait UIInterfaceOrientationLandscapeLeft UIInterfaceOrientationLandscapeRight";
				LD_RUNPATH_SEARCH_PATHS = (
					"$(inherited)",
					"@executable_path/Frameworks",
				);
				MARKETING_VERSION = 1.0;
				PRODUCT_BUNDLE_IDENTIFIER = com.Yunwon.CloneStartBucks;
				PRODUCT_NAME = "$(TARGET_NAME)";
				SWIFT_EMIT_LOC_STRINGS = YES;
				SWIFT_VERSION = 5.0;
				TARGETED_DEVICE_FAMILY = "1,2";
			};
			name = Debug;
		};
		5FFE064B29DE9C57005976FA /* Release */ = {
			isa = XCBuildConfiguration;
			buildSettings = {
				ASSETCATALOG_COMPILER_APPICON_NAME = AppIcon;
				ASSETCATALOG_COMPILER_GLOBAL_ACCENT_COLOR_NAME = AccentColor;
				CODE_SIGN_STYLE = Automatic;
				CURRENT_PROJECT_VERSION = 1;
				DEVELOPMENT_ASSET_PATHS = "\"CloneStartBucks/Preview Content\"";
				DEVELOPMENT_TEAM = BAJ892P98N;
				ENABLE_PREVIEWS = YES;
				GENERATE_INFOPLIST_FILE = YES;
				INFOPLIST_KEY_UIApplicationSceneManifest_Generation = YES;
				INFOPLIST_KEY_UIApplicationSupportsIndirectInputEvents = YES;
				INFOPLIST_KEY_UILaunchScreen_Generation = YES;
				INFOPLIST_KEY_UISupportedInterfaceOrientations_iPad = "UIInterfaceOrientationPortrait UIInterfaceOrientationPortraitUpsideDown UIInterfaceOrientationLandscapeLeft UIInterfaceOrientationLandscapeRight";
				INFOPLIST_KEY_UISupportedInterfaceOrientations_iPhone = "UIInterfaceOrientationPortrait UIInterfaceOrientationLandscapeLeft UIInterfaceOrientationLandscapeRight";
				LD_RUNPATH_SEARCH_PATHS = (
					"$(inherited)",
					"@executable_path/Frameworks",
				);
				MARKETING_VERSION = 1.0;
				PRODUCT_BUNDLE_IDENTIFIER = com.Yunwon.CloneStartBucks;
				PRODUCT_NAME = "$(TARGET_NAME)";
				SWIFT_EMIT_LOC_STRINGS = YES;
				SWIFT_VERSION = 5.0;
				TARGETED_DEVICE_FAMILY = "1,2";
			};
			name = Release;
		};
/* End XCBuildConfiguration section */

/* Begin XCConfigurationList section */
		5FFE063629DE9C56005976FA /* Build configuration list for PBXProject "CloneStartBucks" */ = {
			isa = XCConfigurationList;
			buildConfigurations = (
				5FFE064729DE9C57005976FA /* Debug */,
				5FFE064829DE9C57005976FA /* Release */,
			);
			defaultConfigurationIsVisible = 0;
			defaultConfigurationName = Release;
		};
		5FFE064929DE9C57005976FA /* Build configuration list for PBXNativeTarget "CloneStartBucks" */ = {
			isa = XCConfigurationList;
			buildConfigurations = (
				5FFE064A29DE9C57005976FA /* Debug */,
				5FFE064B29DE9C57005976FA /* Release */,
			);
			defaultConfigurationIsVisible = 0;
			defaultConfigurationName = Release;
		};
/* End XCConfigurationList section */
	};
	rootObject = 5FFE063329DE9C56005976FA /* Project object */;
}
